
Microsoft Visual Studio Solution File, Format Version 12.00
# Visual Studio Version 17
VisualStudioVersion = 17.14.36915.13 d17.14
MinimumVisualStudioVersion = 10.0.40219.1
Project("{FAE04EC0-301F-11D3-BF4B-00C04F79EFBC}") = "Meetandgreet", "Meetandgreet\Meetandgreet.csproj", "{D928F5B4-27FE-4210-88BE-604FA1A5D336}"
EndProject
Global
	GlobalSection(SolutionConfigurationPlatforms) = preSolution
		Debug|Any CPU = Debug|Any CPU
		Release|Any CPU = Release|Any CPU
	EndGlobalSection
	GlobalSection(ProjectConfigurationPlatforms) = postSolution
		{D928F5B4-27FE-4210-88BE-604FA1A5D336}.Debug|Any CPU.ActiveCfg = Debug|Any CPU
		{D928F5B4-27FE-4210-88BE-604FA1A5D336}.Debug|Any CPU.Build.0 = Debug|Any CPU
		{D928F5B4-27FE-4210-88BE-604FA1A5D336}.Release|Any CPU.ActiveCfg = Release|Any CPU
		{D928F5B4-27FE-4210-88BE-604FA1A5D336}.Release|Any CPU.Build.0 = Release|Any CPU
	EndGlobalSection
	GlobalSection(SolutionProperties) = preSolution
		HideSolutionNode = FALSE
	EndGlobalSection
	GlobalSection(ExtensibilityGlobals) = postSolution
		SolutionGuid = {CEFD93D9-9A4A-4358-B66D-992645F87463}
	EndGlobalSection
EndGlobal
